
Microsoft Visual Studio Solution File, Format Version 12.00
# Visual Studio Version 17
VisualStudioVersion = 17.0.31903.59
MinimumVisualStudioVersion = 10.0.40219.1
Project("{2150E333-8FDC-42A3-9474-1A3956D46DE8}") = "Services", "Services", "{BC127A9B-C045-4712-AA17-D484FE513E79}"
EndProject
Project("{2150E333-8FDC-42A3-9474-1A3956D46DE8}") = "Catalog", "Catalog", "{5DB6AF72-A7C1-49A5-85EE-B512812A45DB}"
EndProject
Project("{9A19103F-16F7-4668-BE54-9A1E7A4F7556}") = "Catalog.API", "services\catalog\catalog.api\Catalog.API.csproj", "{6F5FE4DE-5135-4D1F-AC74-F562B30EB379}"
EndProject
Project("{E53339B2-1760-4266-BCC7-CA923CBCF16C}") = "docker-compose", "docker-compose.dcproj", "{3B49B22D-B309-4843-BA26-335D12590027}"
EndProject
Project("{2150E333-8FDC-42A3-9474-1A3956D46DE8}") = "Basket", "Basket", "{8BEDD1B1-1F2A-46AB-923C-986CCE30EB2E}"
EndProject
Project("{9A19103F-16F7-4668-BE54-9A1E7A4F7556}") = "Basket.API", "Services\Basket\Basket.API\Basket.API.csproj", "{BC5190B4-4582-4323-B16F-7ED57C291F13}"
EndProject
Project("{9A19103F-16F7-4668-BE54-9A1E7A4F7556}") = "Discount.API", "Services\Discount\Discount.API\Discount.API.csproj", "{2DE272BF-57BD-40E6-9685-AEE33CD61FA5}"
EndProject
Project("{2150E333-8FDC-42A3-9474-1A3956D46DE8}") = "Discount", "Discount", "{48ABF48E-ACD5-4D80-9D53-978DEFBAFC75}"
EndProject
Global
	GlobalSection(SolutionConfigurationPlatforms) = preSolution
		Debug|Any CPU = Debug|Any CPU
		Debug|x64 = Debug|x64
		Debug|x86 = Debug|x86
		Release|Any CPU = Release|Any CPU
		Release|x64 = Release|x64
		Release|x86 = Release|x86
	EndGlobalSection
	GlobalSection(ProjectConfigurationPlatforms) = postSolution
		{6F5FE4DE-5135-4D1F-AC74-F562B30EB379}.Debug|Any CPU.ActiveCfg = Debug|Any CPU
		{6F5FE4DE-5135-4D1F-AC74-F562B30EB379}.Debug|Any CPU.Build.0 = Debug|Any CPU
		{6F5FE4DE-5135-4D1F-AC74-F562B30EB379}.Debug|x64.ActiveCfg = Debug|Any CPU
		{6F5FE4DE-5135-4D1F-AC74-F562B30EB379}.Debug|x64.Build.0 = Debug|Any CPU
		{6F5FE4DE-5135-4D1F-AC74-F562B30EB379}.Debug|x86.ActiveCfg = Debug|Any CPU
		{6F5FE4DE-5135-4D1F-AC74-F562B30EB379}.Debug|x86.Build.0 = Debug|Any CPU
		{6F5FE4DE-5135-4D1F-AC74-F562B30EB379}.Release|Any CPU.ActiveCfg = Release|Any CPU
		{6F5FE4DE-5135-4D1F-AC74-F562B30EB379}.Release|Any CPU.Build.0 = Release|Any CPU
		{6F5FE4DE-5135-4D1F-AC74-F562B30EB379}.Release|x64.ActiveCfg = Release|Any CPU
		{6F5FE4DE-5135-4D1F-AC74-F562B30EB379}.Release|x64.Build.0 = Release|Any CPU
		{6F5FE4DE-5135-4D1F-AC74-F562B30EB379}.Release|x86.ActiveCfg = Release|Any CPU
		{6F5FE4DE-5135-4D1F-AC74-F562B30EB379}.Release|x86.Build.0 = Release|Any CPU
		{3B49B22D-B309-4843-BA26-335D12590027}.Debug|Any CPU.ActiveCfg = Debug|Any CPU
		{3B49B22D-B309-4843-BA26-335D12590027}.Debug|Any CPU.Build.0 = Debug|Any CPU
		{3B49B22D-B309-4843-BA26-335D12590027}.Debug|x64.ActiveCfg = Debug|Any CPU
		{3B49B22D-B309-4843-BA26-335D12590027}.Debug|x64.Build.0 = Debug|Any CPU
		{3B49B22D-B309-4843-BA26-335D12590027}.Debug|x86.ActiveCfg = Debug|Any CPU
		{3B49B22D-B309-4843-BA26-335D12590027}.Debug|x86.Build.0 = Debug|Any CPU
		{3B49B22D-B309-4843-BA26-335D12590027}.Release|Any CPU.ActiveCfg = Release|Any CPU
		{3B49B22D-B309-4843-BA26-335D12590027}.Release|Any CPU.Build.0 = Release|Any CPU
		{3B49B22D-B309-4843-BA26-335D12590027}.Release|x64.ActiveCfg = Release|Any CPU
		{3B49B22D-B309-4843-BA26-335D12590027}.Release|x64.Build.0 = Release|Any CPU
		{3B49B22D-B309-4843-BA26-335D12590027}.Release|x86.ActiveCfg = Release|Any CPU
		{3B49B22D-B309-4843-BA26-335D12590027}.Release|x86.Build.0 = Release|Any CPU
		{BC5190B4-4582-4323-B16F-7ED57C291F13}.Debug|Any CPU.ActiveCfg = Debug|Any CPU
		{BC5190B4-4582-4323-B16F-7ED57C291F13}.Debug|Any CPU.Build.0 = Debug|Any CPU
		{BC5190B4-4582-4323-B16F-7ED57C291F13}.Debug|x64.ActiveCfg = Debug|Any CPU
		{BC5190B4-4582-4323-B16F-7ED57C291F13}.Debug|x64.Build.0 = Debug|Any CPU
		{BC5190B4-4582-4323-B16F-7ED57C291F13}.Debug|x86.ActiveCfg = Debug|Any CPU
		{BC5190B4-4582-4323-B16F-7ED57C291F13}.Debug|x86.Build.0 = Debug|Any CPU
		{BC5190B4-4582-4323-B16F-7ED57C291F13}.Release|Any CPU.ActiveCfg = Release|Any CPU
		{BC5190B4-4582-4323-B16F-7ED57C291F13}.Release|Any CPU.Build.0 = Release|Any CPU
		{BC5190B4-4582-4323-B16F-7ED57C291F13}.Release|x64.ActiveCfg = Release|Any CPU
		{BC5190B4-4582-4323-B16F-7ED57C291F13}.Release|x64.Build.0 = Release|Any CPU
		{BC5190B4-4582-4323-B16F-7ED57C291F13}.Release|x86.ActiveCfg = Release|Any CPU
		{BC5190B4-4582-4323-B16F-7ED57C291F13}.Release|x86.Build.0 = Release|Any CPU
		{2DE272BF-57BD-40E6-9685-AEE33CD61FA5}.Debug|Any CPU.ActiveCfg = Debug|Any CPU
		{2DE272BF-57BD-40E6-9685-AEE33CD61FA5}.Debug|Any CPU.Build.0 = Debug|Any CPU
		{2DE272BF-57BD-40E6-9685-AEE33CD61FA5}.Debug|x64.ActiveCfg = Debug|Any CPU
		{2DE272BF-57BD-40E6-9685-AEE33CD61FA5}.Debug|x64.Build.0 = Debug|Any CPU
		{2DE272BF-57BD-40E6-9685-AEE33CD61FA5}.Debug|x86.ActiveCfg = Debug|Any CPU
		{2DE272BF-57BD-40E6-9685-AEE33CD61FA5}.Debug|x86.Build.0 = Debug|Any CPU
		{2DE272BF-57BD-40E6-9685-AEE33CD61FA5}.Release|Any CPU.ActiveCfg = Release|Any CPU
		{2DE272BF-57BD-40E6-9685-AEE33CD61FA5}.Release|Any CPU.Build.0 = Release|Any CPU
		{2DE272BF-57BD-40E6-9685-AEE33CD61FA5}.Release|x64.ActiveCfg = Release|Any CPU
		{2DE272BF-57BD-40E6-9685-AEE33CD61FA5}.Release|x64.Build.0 = Release|Any CPU
		{2DE272BF-57BD-40E6-9685-AEE33CD61FA5}.Release|x86.ActiveCfg = Release|Any CPU
		{2DE272BF-57BD-40E6-9685-AEE33CD61FA5}.Release|x86.Build.0 = Release|Any CPU
	EndGlobalSection
	GlobalSection(SolutionProperties) = preSolution
		HideSolutionNode = FALSE
	EndGlobalSection
	GlobalSection(NestedProjects) = preSolution
		{5DB6AF72-A7C1-49A5-85EE-B512812A45DB} = {BC127A9B-C045-4712-AA17-D484FE513E79}
		{6F5FE4DE-5135-4D1F-AC74-F562B30EB379} = {5DB6AF72-A7C1-49A5-85EE-B512812A45DB}
		{8BEDD1B1-1F2A-46AB-923C-986CCE30EB2E} = {BC127A9B-C045-4712-AA17-D484FE513E79}
		{BC5190B4-4582-4323-B16F-7ED57C291F13} = {8BEDD1B1-1F2A-46AB-923C-986CCE30EB2E}
		{2DE272BF-57BD-40E6-9685-AEE33CD61FA5} = {48ABF48E-ACD5-4D80-9D53-978DEFBAFC75}
		{48ABF48E-ACD5-4D80-9D53-978DEFBAFC75} = {BC127A9B-C045-4712-AA17-D484FE513E79}
	EndGlobalSection
	GlobalSection(ExtensibilityGlobals) = postSolution
		SolutionGuid = {53DCE8DD-A827-4453-A3A3-46C191F70E67}
	EndGlobalSection
EndGlobal
